{
  "name": "cltv",
  "version": "1.0.0",
  "lockfileVersion": 1,
  "requires": true,
  "dependencies": {
    "abstract-leveldown": {
      "version": "4.0.3",
      "resolved": "https://registry.npmjs.org/abstract-leveldown/-/abstract-leveldown-4.0.3.tgz",
      "integrity": "sha512-qsIHFQy0u17JqSY+3ZUT+ykqxYY17yOfvAsLkFkw8kSQqi05d1jyj0bCuSX6sjYlXuY9cKpgUt5EudQdP4aXyA==",
      "requires": {
        "xtend": "~4.0.0"
      }
    },
    "ansi-regex": {
      "version": "2.1.1",
      "resolved": "https://registry.npmjs.org/ansi-regex/-/ansi-regex-2.1.1.tgz",
      "integrity": "sha1-w7M6te42DYbg5ijwRorn7yfWVN8="
    },
    "aproba": {
      "version": "1.2.0",
      "resolved": "https://registry.npmjs.org/aproba/-/aproba-1.2.0.tgz",
      "integrity": "sha512-Y9J6ZjXtoYh8RnXVCMOU/ttDmk1aBjunq9vO0ta5x85WDQiQfUF9sIPBITdbiiIVcBo03Hi3jMxigBtsddlXRw=="
    },
    "are-we-there-yet": {
      "version": "1.1.4",
      "resolved": "https://registry.npmjs.org/are-we-there-yet/-/are-we-there-yet-1.1.4.tgz",
      "integrity": "sha1-u13KOCu5TwXhUZQ3PRb9O6HKEQ0=",
      "requires": {
        "delegates": "^1.0.0",
        "readable-stream": "^2.0.6"
      }
    },
    "bcfg": {
      "version": "0.0.2",
      "resolved": "https://registry.npmjs.org/bcfg/-/bcfg-0.0.2.tgz",
      "integrity": "sha512-TjK0BqT2JnowOB0ROthdcTVgAcqZaWPKAYHoFOOnaC7+UmM25PbmFx9FmhR5NqHXCCOPofDaxCIwN4izRJG7Aw=="
    },
    "bclient": {
      "version": "0.0.2",
      "resolved": "https://registry.npmjs.org/bclient/-/bclient-0.0.2.tgz",
      "integrity": "sha512-FteM2hr5oX/uhIbW4DGtnCq1PbU2o4k5K8nBzmpdeduCRi/u1tvtrEK19Q5zJuHtHgLVDq7N3q7xiooKzYBlQA==",
      "requires": {
        "bcfg": "~0.0.2",
        "bcurl": "~0.0.2"
      }
    },
    "bcoin": {
      "version": "github:bcoin-org/bcoin#a59feadf49bfea5cde118994daa6d43889872f5a",
      "from": "github:bcoin-org/bcoin",
      "requires": {
        "bcfg": "~0.0.2",
        "bclient": "~0.0.2",
        "bcrypto": "~0.2.0",
        "bdb": "~0.1.0",
        "bdns": "~0.0.2",
        "bevent": "~0.0.2",
        "bfile": "~0.0.2",
        "bfilter": "~0.1.2",
        "bheep": "~0.0.1",
        "binet": "~0.2.0",
        "blgr": "~0.0.2",
        "blru": "~0.0.1",
        "blst": "~0.0.1",
        "bmutex": "~0.0.2",
        "bn.js": "~4.11.8",
        "bsip": "~0.0.2",
        "bsock": "~0.0.2",
        "bsocks": "~0.1.0",
        "bstring": "~0.0.2",
        "btcp": "~0.0.2",
        "bufio": "~0.1.0",
        "bupnp": "~0.1.0",
        "bval": "~0.0.2",
        "bweb": "~0.0.2",
        "mrmr": "~0.0.1",
        "n64": "~0.1.1"
      }
    },
    "bcrypto": {
      "version": "0.2.0",
      "resolved": "https://registry.npmjs.org/bcrypto/-/bcrypto-0.2.0.tgz",
      "integrity": "sha512-QhS8lhDF4XesbtUVWuD8zrv+VKpS+q79Rsqr5eo3fjctPIxRkGlJ5ZlV/EzPL8YcwO9DH9BE61PfFwW0/p5X8g==",
      "requires": {
        "bindings": "~1.3.0",
        "nan": "~2.9.2",
        "secp256k1": "3.5.0"
      }
    },
    "bcurl": {
      "version": "0.0.2",
      "resolved": "https://registry.npmjs.org/bcurl/-/bcurl-0.0.2.tgz",
      "integrity": "sha512-3A+ofRqkgMWQLrs2AI0C5LZT3ktsoUSWG+npnsJRoeoyRxjboiUGUsUi9uKpB8u1zz5z495U8IWG3cB8ORcOIw==",
      "requires": {
        "brq": "~0.0.2",
        "bsock": "~0.0.2"
      }
    },
    "bdb": {
      "version": "0.1.0",
      "resolved": "https://registry.npmjs.org/bdb/-/bdb-0.1.0.tgz",
      "integrity": "sha512-Vo8mBwR0zcIMtu1mIFXiQ7xUBuCYvHnaHWNOsWf5m0rJQqeg7yB8E8Ge0nlIlicez2gjFmBgxlYRzNr4q11wzQ==",
      "requires": {
        "leveldown": "3.0.0"
      }
    },
    "bdns": {
      "version": "0.0.2",
      "resolved": "https://registry.npmjs.org/bdns/-/bdns-0.0.2.tgz",
      "integrity": "sha512-oTjIQljp/tWf8SB9UhBfb1EhuOIREtAfJlKKy9Ra8gtCdBcJi9tft5UyilUkw16aQpgHfiD0x/kTrTvQxgLWXA=="
    },
    "bevent": {
      "version": "0.0.2",
      "resolved": "https://registry.npmjs.org/bevent/-/bevent-0.0.2.tgz",
      "integrity": "sha512-5qEvuPoJ+9Ytl82ne7cVABc1ndL26n8qRiz7dIgtiiUCNqiSIyg52G3Og4RDKu3zhnYdJx3WpR1h5aalesEHdw=="
    },
    "bfile": {
      "version": "0.0.2",
      "resolved": "https://registry.npmjs.org/bfile/-/bfile-0.0.2.tgz",
      "integrity": "sha512-XPzp+6hUe4WztWsB1ot0QNM6hedZ3b6gba4iqiupJhfTtLpyVDOEgZ+KE8G9CB5TvXIOpkxHZWpGydURkx7tgw=="
    },
    "bfilter": {
      "version": "0.1.2",
      "resolved": "https://registry.npmjs.org/bfilter/-/bfilter-0.1.2.tgz",
      "integrity": "sha512-AJVgkyjUYIkq0uYKbgjVed5fApogzc3pWSeYHI/skCyG+FkV8pizPGdInF6c0N09EBZY+g602hjHtQI8CSGZHA==",
      "requires": {
        "bufio": "~0.1.0",
        "mrmr": "~0.0.1"
      }
    },
    "bheep": {
      "version": "0.0.1",
      "resolved": "https://registry.npmjs.org/bheep/-/bheep-0.0.1.tgz",
      "integrity": "sha512-8y0VyWz0ukP5yGz4a32kGcDLA5KYftjn4HCmTrQdtA22TZZr6JrekgL4cR2/Peaor/EU2Y18el+Rhhz1UZPW/Q=="
    },
    "bindings": {
      "version": "1.3.0",
      "resolved": "https://registry.npmjs.org/bindings/-/bindings-1.3.0.tgz",
      "integrity": "sha512-DpLh5EzMR2kzvX1KIlVC0VkC3iZtHKTgdtZ0a3pglBZdaQFjt5S9g9xd1lE+YvXyfd6mtCeRnrUfOLYiTMlNSw=="
    },
    "binet": {
      "version": "0.2.0",
      "resolved": "https://registry.npmjs.org/binet/-/binet-0.2.0.tgz",
      "integrity": "sha512-FeOfyeecgIiiYXS4+iMo8pLR5g+ykWEm1b8zjFQXcBaXXh8jut04kk4JaRorqWhicqWW/yWij15ctu3ooydK3g==",
      "requires": {
        "bs32": "~0.0.1"
      }
    },
    "bip66": {
      "version": "1.1.5",
      "resolved": "https://registry.npmjs.org/bip66/-/bip66-1.1.5.tgz",
      "integrity": "sha1-AfqHSHhcpwlV1QESF9GzE5lpyiI=",
      "requires": {
        "safe-buffer": "^5.0.1"
      }
    },
    "bl": {
      "version": "1.2.2",
      "resolved": "https://registry.npmjs.org/bl/-/bl-1.2.2.tgz",
      "integrity": "sha512-e8tQYnZodmebYDWGH7KMRvtzKXaJHx3BbilrgZCfvyLUYdKpK1t5PSPmpkny/SgiTSCnjfLW7v5rlONXVFkQEA==",
      "requires": {
        "readable-stream": "^2.3.5",
        "safe-buffer": "^5.1.1"
      }
    },
    "blgr": {
      "version": "0.0.2",
      "resolved": "https://registry.npmjs.org/blgr/-/blgr-0.0.2.tgz",
      "integrity": "sha512-aulvxGQHEBhBmKrKy6/aEP7SkD1MI1RYKgiFojfYaf+oUzYLDd+06iUcAgk9cbZ7y9gVusxSs3ZbDj1Y/tsgeA=="
    },
    "blru": {
      "version": "0.0.1",
      "resolved": "https://registry.npmjs.org/blru/-/blru-0.0.1.tgz",
      "integrity": "sha512-qPEYqJRRzYp7+Qfk040Q93CbQJmgzUsXgVaAikl2sBkBCvziFa2kxWsovQhFtwcK07OYC2brsB1nfhZkElLvow=="
    },
    "blst": {
      "version": "0.0.1",
      "resolved": "https://registry.npmjs.org/blst/-/blst-0.0.1.tgz",
      "integrity": "sha512-bcMDCUEaTacSRYKnh/Rmm28UXWVu441zD9EqA9Oh3Lmapozj3bVd0lXY9vdHD0fSHbYvhP9OtkwWkjg/kRm1Yg=="
    },
    "bmutex": {
      "version": "0.0.2",
      "resolved": "https://registry.npmjs.org/bmutex/-/bmutex-0.0.2.tgz",
      "integrity": "sha512-D26cRGVwpMu92SCkRO89HGJSYmgKtWEA73YciFmnpIUP2gYu4xXcLm18DuBPAq9X6jsJsymGzm8H/ntV9bCD/Q=="
    },
    "bn.js": {
      "version": "4.11.8",
      "resolved": "https://registry.npmjs.org/bn.js/-/bn.js-4.11.8.tgz",
      "integrity": "sha512-ItfYfPLkWHUjckQCk8xC+LwxgK8NYcXywGigJgSwOP8Y2iyWT4f2vsZnoOXTTbo+o5yXmIUJ4gn5538SO5S3gA=="
    },
    "brorand": {
      "version": "1.1.0",
      "resolved": "https://registry.npmjs.org/brorand/-/brorand-1.1.0.tgz",
      "integrity": "sha1-EsJe/kCkXjwyPrhnWgoM5XsiNx8="
    },
    "browserify-aes": {
      "version": "1.2.0",
      "resolved": "https://registry.npmjs.org/browserify-aes/-/browserify-aes-1.2.0.tgz",
      "integrity": "sha512-+7CHXqGuspUn/Sl5aO7Ea0xWGAtETPXNSAjHo48JfLdPWcMng33Xe4znFvQweqc/uzk5zSOI3H52CYnjCfb5hA==",
      "requires": {
        "buffer-xor": "^1.0.3",
        "cipher-base": "^1.0.0",
        "create-hash": "^1.1.0",
        "evp_bytestokey": "^1.0.3",
        "inherits": "^2.0.1",
        "safe-buffer": "^5.0.1"
      }
    },
    "brq": {
      "version": "0.0.2",
      "resolved": "https://registry.npmjs.org/brq/-/brq-0.0.2.tgz",
      "integrity": "sha512-wF14aAst3eGzhw/vtPolIei6KrOsmJwOK/dJ+SH8GeD+uGUpvSt2LwunDK/W0DfvE/Gbj7AsJmG6QvBI59vWIw=="
    },
    "bs32": {
      "version": "0.0.1",
      "resolved": "https://registry.npmjs.org/bs32/-/bs32-0.0.1.tgz",
      "integrity": "sha512-rfkPO7uK1IkTKhTsz8SVNyTPcVOkq9np2tMWivAn8XKGQLcdWDYLQ2MXmIqClClVf4puy7CZx6g+n2rpjCrslg=="
    },
    "bsip": {
      "version": "0.0.2",
      "resolved": "https://registry.npmjs.org/bsip/-/bsip-0.0.2.tgz",
      "integrity": "sha512-kkcOjT1a83xZ+fNJUfzZr6ckS11Doo35SdbuIaSCfyiMNI7wLcjvrFqP2ypZ2ilNLR2ZXiZH+KlG5idhe0sWUw==",
      "requires": {
        "bindings": "~1.3.0",
        "nan": "~2.9.2"
      }
    },
    "bsock": {
      "version": "0.0.2",
      "resolved": "https://registry.npmjs.org/bsock/-/bsock-0.0.2.tgz",
      "integrity": "sha512-2ud6h3db9asdN4mf3aQ44sCvP4aqiN2c1LS4S/0IWSGLmDo2S509sO9KpO3k2WB3SVFw17JEACZLCbqjt3f6fQ==",
      "requires": {
        "faye-websocket": "~0.11.1"
      }
    },
    "bsocks": {
      "version": "0.1.0",
      "resolved": "https://registry.npmjs.org/bsocks/-/bsocks-0.1.0.tgz",
      "integrity": "sha512-eovIYhgjhsr4bX0lK/FiBxb5ZeMQsaY6jFw/bjjdJNrbFD2PpB/w7fjjq8QSlWX5qa4r1Ae4ITy7H5hVxHwJvQ==",
      "requires": {
        "binet": "~0.2.0"
      }
    },
    "bstring": {
      "version": "0.0.2",
      "resolved": "https://registry.npmjs.org/bstring/-/bstring-0.0.2.tgz",
      "integrity": "sha512-gP+mgXfPFqWkare8F3pg2eBQH4vgtFn+Os27GhCcw3zlBcs/fCsZNYsHJMHB2UAEnsB5XeEn/aBeB0GLeDlV0Q==",
      "requires": {
        "bindings": "~1.3.0",
        "nan": "~2.9.2"
      }
    },
    "btcp": {
      "version": "0.0.2",
      "resolved": "https://registry.npmjs.org/btcp/-/btcp-0.0.2.tgz",
      "integrity": "sha512-L+sfQpJNGIjgD2JAL7wSQcuHukuwbxrKSJ/aLqiEMJuMGJ6GgypjgHRVkOH58IgIVM143VF/lsNEhQFGg5Vjuw=="
    },
    "buffer-alloc": {
      "version": "1.1.0",
      "resolved": "https://registry.npmjs.org/buffer-alloc/-/buffer-alloc-1.1.0.tgz",
      "integrity": "sha1-BVFNM78WVtNUDGhPZbEgLpDsowM=",
      "requires": {
        "buffer-alloc-unsafe": "^0.1.0",
        "buffer-fill": "^0.1.0"
      }
    },
    "buffer-alloc-unsafe": {
      "version": "0.1.1",
      "resolved": "https://registry.npmjs.org/buffer-alloc-unsafe/-/buffer-alloc-unsafe-0.1.1.tgz",
      "integrity": "sha1-/+H2dVHdBVc33iUzN7/oU9+rGmo="
    },
    "buffer-fill": {
      "version": "0.1.1",
      "resolved": "https://registry.npmjs.org/buffer-fill/-/buffer-fill-0.1.1.tgz",
      "integrity": "sha512-YgBMBzdRLEfgxJIGu2wrvI2E03tMCFU1p7d1KhB4BOoMN0VxmTFjSyN5JtKt9z8Z9JajMHruI6SE25W96wNv7Q=="
    },
    "buffer-xor": {
      "version": "1.0.3",
      "resolved": "https://registry.npmjs.org/buffer-xor/-/buffer-xor-1.0.3.tgz",
      "integrity": "sha1-JuYe0UIvtw3ULm42cp7VHYVf6Nk="
    },
    "bufio": {
      "version": "0.1.0",
      "resolved": "https://registry.npmjs.org/bufio/-/bufio-0.1.0.tgz",
      "integrity": "sha512-J3RsS/MayCb6Rj9xirCzj6C4XxdpmfHDi1CcMfPpLxJgKi/9SwPIb3RnTHhCjd5j9LHMKTJgtVuGZpPWPAhW4g==",
      "requires": {
        "n64": "~0.1.1"
      }
    },
    "bupnp": {
      "version": "0.1.0",
      "resolved": "https://registry.npmjs.org/bupnp/-/bupnp-0.1.0.tgz",
      "integrity": "sha512-EySgolStWRfoiAdq6mS5INvNVKV8s2XFpt3eTPSMEaZE1F6qJZcxte8hiNDPL8ulvDXFm975tWgVnZD/y+HEOw==",
      "requires": {
        "binet": "~0.2.0",
        "brq": "~0.0.2"
      }
    },
    "bval": {
      "version": "0.0.2",
      "resolved": "https://registry.npmjs.org/bval/-/bval-0.0.2.tgz",
      "integrity": "sha512-+mbNjur9nIBF1F/0l0J0wCYSW4VerS+u/o4hxPKY5Qu52Y89pcNqsHe5sVywhuzzkApExxqWUG/vFFFgWvBkaA=="
    },
    "bweb": {
      "version": "0.0.2",
      "resolved": "https://registry.npmjs.org/bweb/-/bweb-0.0.2.tgz",
      "integrity": "sha512-va2mZY90dHHaDHobfdCXouv0WdPUeF3RXQ1kySBKySxvD9cM6ApXpA3hb+4swrtjOv5iBJ+IPnpBr+29LKz9UA==",
      "requires": {
        "bsock": "~0.0.2"
      }
    },
    "chownr": {
      "version": "1.0.1",
      "resolved": "https://registry.npmjs.org/chownr/-/chownr-1.0.1.tgz",
      "integrity": "sha1-4qdQQqlVGQi+vSW4Uj1fl2nXkYE="
    },
    "cipher-base": {
      "version": "1.0.4",
      "resolved": "https://registry.npmjs.org/cipher-base/-/cipher-base-1.0.4.tgz",
      "integrity": "sha512-Kkht5ye6ZGmwv40uUDZztayT2ThLQGfnj/T71N/XzeZeo3nf8foyW7zGTsPYkEya3m5f3cAypH+qe7YOrM1U2Q==",
      "requires": {
        "inherits": "^2.0.1",
        "safe-buffer": "^5.0.1"
      }
    },
    "code-point-at": {
      "version": "1.1.0",
      "resolved": "https://registry.npmjs.org/code-point-at/-/code-point-at-1.1.0.tgz",
      "integrity": "sha1-DQcLTQQ6W+ozovGkDi7bPZpMz3c="
    },
    "console-control-strings": {
      "version": "1.1.0",
      "resolved": "https://registry.npmjs.org/console-control-strings/-/console-control-strings-1.1.0.tgz",
      "integrity": "sha1-PXz0Rk22RG6mRL9LOVB/mFEAjo4="
    },
    "core-util-is": {
      "version": "1.0.2",
      "resolved": "https://registry.npmjs.org/core-util-is/-/core-util-is-1.0.2.tgz",
      "integrity": "sha1-tf1UIgqivFq1eqtxQMlAdUUDwac="
    },
    "create-hash": {
      "version": "1.2.0",
      "resolved": "https://registry.npmjs.org/create-hash/-/create-hash-1.2.0.tgz",
      "integrity": "sha512-z00bCGNHDG8mHAkP7CtT1qVu+bFQUPjYq/4Iv3C3kWjTFV10zIjfSoeqXo9Asws8gwSHDGj/hl2u4OGIjapeCg==",
      "requires": {
        "cipher-base": "^1.0.1",
        "inherits": "^2.0.1",
        "md5.js": "^1.3.4",
        "ripemd160": "^2.0.1",
        "sha.js": "^2.4.0"
      }
    },
    "create-hmac": {
      "version": "1.1.7",
      "resolved": "https://registry.npmjs.org/create-hmac/-/create-hmac-1.1.7.tgz",
      "integrity": "sha512-MJG9liiZ+ogc4TzUwuvbER1JRdgvUFSB5+VR/g5h82fGaIRWMWddtKBHi7/sVhfjQZ6SehlyhvQYrcYkaUIpLg==",
      "requires": {
        "cipher-base": "^1.0.3",
        "create-hash": "^1.1.0",
        "inherits": "^2.0.1",
        "ripemd160": "^2.0.0",
        "safe-buffer": "^5.0.1",
        "sha.js": "^2.4.8"
      }
    },
    "decompress-response": {
      "version": "3.3.0",
      "resolved": "https://registry.npmjs.org/decompress-response/-/decompress-response-3.3.0.tgz",
      "integrity": "sha1-gKTdMjdIOEv6JICDYirt7Jgq3/M=",
      "requires": {
        "mimic-response": "^1.0.0"
      }
    },
    "deep-extend": {
      "version": "0.5.1",
      "resolved": "https://registry.npmjs.org/deep-extend/-/deep-extend-0.5.1.tgz",
      "integrity": "sha512-N8vBdOa+DF7zkRrDCsaOXoCs/E2fJfx9B9MrKnnSiHNh4ws7eSys6YQE4KvT1cecKmOASYQBhbKjeuDD9lT81w=="
    },
    "delegates": {
      "version": "1.0.0",
      "resolved": "https://registry.npmjs.org/delegates/-/delegates-1.0.0.tgz",
      "integrity": "sha1-hMbhWbgZBP3KWaDvRM2HDTElD5o="
    },
    "detect-libc": {
      "version": "1.0.3",
      "resolved": "https://registry.npmjs.org/detect-libc/-/detect-libc-1.0.3.tgz",
      "integrity": "sha1-+hN8S9aY7fVc1c0CrFWfkaTEups="
    },
    "drbg.js": {
      "version": "1.0.1",
      "resolved": "https://registry.npmjs.org/drbg.js/-/drbg.js-1.0.1.tgz",
      "integrity": "sha1-Pja2xCs3BDgjzbwzLVjzHiRFSAs=",
      "requires": {
        "browserify-aes": "^1.0.6",
        "create-hash": "^1.1.2",
        "create-hmac": "^1.1.4"
      }
    },
    "elliptic": {
      "version": "6.4.0",
      "resolved": "https://registry.npmjs.org/elliptic/-/elliptic-6.4.0.tgz",
      "integrity": "sha1-ysmvh2LIWDYYcAPI3+GT5eLq5d8=",
      "requires": {
        "bn.js": "^4.4.0",
        "brorand": "^1.0.1",
        "hash.js": "^1.0.0",
        "hmac-drbg": "^1.0.0",
        "inherits": "^2.0.1",
        "minimalistic-assert": "^1.0.0",
        "minimalistic-crypto-utils": "^1.0.0"
      }
    },
    "end-of-stream": {
      "version": "1.4.1",
      "resolved": "https://registry.npmjs.org/end-of-stream/-/end-of-stream-1.4.1.tgz",
      "integrity": "sha512-1MkrZNvWTKCaigbn+W15elq2BB/L22nqrSY5DKlo3X6+vclJm8Bb5djXJBmEX6fS3+zCh/F4VBK5Z2KxJt4s2Q==",
      "requires": {
        "once": "^1.4.0"
      }
    },
    "evp_bytestokey": {
      "version": "1.0.3",
      "resolved": "https://registry.npmjs.org/evp_bytestokey/-/evp_bytestokey-1.0.3.tgz",
      "integrity": "sha512-/f2Go4TognH/KvCISP7OUsHn85hT9nUkxxA9BEWxFn+Oj9o8ZNLm/40hdlgSLyuOimsrTKLUMEorQexp/aPQeA==",
      "requires": {
        "md5.js": "^1.3.4",
        "safe-buffer": "^5.1.1"
      }
    },
    "expand-template": {
      "version": "1.1.1",
      "resolved": "https://registry.npmjs.org/expand-template/-/expand-template-1.1.1.tgz",
      "integrity": "sha512-cebqLtV8KOZfw0UI8TEFWxtczxxC1jvyUvx6H4fyp1K1FN7A4Q+uggVUlOsI1K8AGU0rwOGqP8nCapdrw8CYQg=="
    },
    "fast-future": {
      "version": "1.0.2",
      "resolved": "https://registry.npmjs.org/fast-future/-/fast-future-1.0.2.tgz",
      "integrity": "sha1-hDWpqqAteSSNF9cE52JZMB2ZKAo="
    },
    "faye-websocket": {
      "version": "0.11.1",
      "resolved": "https://registry.npmjs.org/faye-websocket/-/faye-websocket-0.11.1.tgz",
      "integrity": "sha1-8O/hjE9W5PQK/H4Gxxn9XuYYjzg=",
      "requires": {
        "websocket-driver": ">=0.5.1"
      }
    },
    "fs-constants": {
      "version": "1.0.0",
      "resolved": "https://registry.npmjs.org/fs-constants/-/fs-constants-1.0.0.tgz",
      "integrity": "sha512-y6OAwoSIf7FyjMIv94u+b5rdheZEjzR63GTyZJm5qh4Bi+2YgwLCcI/fPFZkL5PSixOt6ZNKm+w+Hfp/Bciwow=="
    },
    "gauge": {
      "version": "2.7.4",
      "resolved": "https://registry.npmjs.org/gauge/-/gauge-2.7.4.tgz",
      "integrity": "sha1-LANAXHU4w51+s3sxcCLjJfsBi/c=",
      "requires": {
        "aproba": "^1.0.3",
        "console-control-strings": "^1.0.0",
        "has-unicode": "^2.0.0",
        "object-assign": "^4.1.0",
        "signal-exit": "^3.0.0",
        "string-width": "^1.0.1",
        "strip-ansi": "^3.0.1",
        "wide-align": "^1.1.0"
      }
    },
    "github-from-package": {
      "version": "0.0.0",
      "resolved": "https://registry.npmjs.org/github-from-package/-/github-from-package-0.0.0.tgz",
      "integrity": "sha1-l/tdlr/eiXMxPyDoKI75oWf6ZM4="
    },
    "has-unicode": {
      "version": "2.0.1",
      "resolved": "https://registry.npmjs.org/has-unicode/-/has-unicode-2.0.1.tgz",
      "integrity": "sha1-4Ob+aijPUROIVeCG0Wkedx3iqLk="
    },
    "hash-base": {
      "version": "3.0.4",
      "resolved": "https://registry.npmjs.org/hash-base/-/hash-base-3.0.4.tgz",
      "integrity": "sha1-X8hoaEfs1zSZQDMZprCj8/auSRg=",
      "requires": {
        "inherits": "^2.0.1",
        "safe-buffer": "^5.0.1"
      }
    },
    "hash.js": {
      "version": "1.1.3",
      "resolved": "https://registry.npmjs.org/hash.js/-/hash.js-1.1.3.tgz",
      "integrity": "sha512-/UETyP0W22QILqS+6HowevwhEFJ3MBJnwTf75Qob9Wz9t0DPuisL8kW8YZMK62dHAKE1c1p+gY1TtOLY+USEHA==",
      "requires": {
        "inherits": "^2.0.3",
        "minimalistic-assert": "^1.0.0"
      }
    },
    "hmac-drbg": {
      "version": "1.0.1",
      "resolved": "https://registry.npmjs.org/hmac-drbg/-/hmac-drbg-1.0.1.tgz",
      "integrity": "sha1-0nRXAQJabHdabFRXk+1QL8DGSaE=",
      "requires": {
        "hash.js": "^1.0.3",
        "minimalistic-assert": "^1.0.0",
        "minimalistic-crypto-utils": "^1.0.1"
      }
    },
    "http-parser-js": {
      "version": "0.4.12",
      "resolved": "https://registry.npmjs.org/http-parser-js/-/http-parser-js-0.4.12.tgz",
      "integrity": "sha1-uc+/Sizybw/DSxDKFImid3HjR08="
    },
    "inherits": {
      "version": "2.0.3",
      "resolved": "https://registry.npmjs.org/inherits/-/inherits-2.0.3.tgz",
      "integrity": "sha1-Yzwsg+PaQqUC9SRmAiSA9CCCYd4="
    },
    "ini": {
      "version": "1.3.5",
      "resolved": "https://registry.npmjs.org/ini/-/ini-1.3.5.tgz",
      "integrity": "sha512-RZY5huIKCMRWDUqZlEi72f/lmXKMvuszcMBduliQ3nnWbx9X/ZBQO7DijMEYS9EhHBb2qacRUMtC7svLwe0lcw=="
    },
    "is-fullwidth-code-point": {
      "version": "1.0.0",
      "resolved": "https://registry.npmjs.org/is-fullwidth-code-point/-/is-fullwidth-code-point-1.0.0.tgz",
      "integrity": "sha1-754xOG8DGn8NZDr4L95QxFfvAMs=",
      "requires": {
        "number-is-nan": "^1.0.0"
      }
    },
    "isarray": {
      "version": "1.0.0",
      "resolved": "https://registry.npmjs.org/isarray/-/isarray-1.0.0.tgz",
      "integrity": "sha1-u5NdSFgsuhaMBoNJV6VKPgcSTxE="
    },
    "leveldown": {
      "version": "3.0.0",
      "resolved": "https://registry.npmjs.org/leveldown/-/leveldown-3.0.0.tgz",
      "integrity": "sha512-CA2mRUDTgVscTDOCvHSgYvksqj1VW7g3ss2idWfITSB7l201ahQJ81cwLTupW76idbjpx7zmmmpdttYnnHWWtA==",
      "requires": {
        "abstract-leveldown": "~4.0.0",
        "bindings": "~1.3.0",
        "fast-future": "~1.0.2",
        "nan": "~2.8.0",
        "prebuild-install": "^2.1.0"
      },
      "dependencies": {
        "nan": {
          "version": "2.8.0",
          "resolved": "https://registry.npmjs.org/nan/-/nan-2.8.0.tgz",
          "integrity": "sha1-7XFfP+neArV6XmJS2QqWZ14fCFo="
        }
      }
    },
    "md5.js": {
      "version": "1.3.4",
      "resolved": "https://registry.npmjs.org/md5.js/-/md5.js-1.3.4.tgz",
      "integrity": "sha1-6b296UogpawYsENA/Fdk1bCdkB0=",
      "requires": {
        "hash-base": "^3.0.0",
        "inherits": "^2.0.1"
      }
    },
    "mimic-response": {
      "version": "1.0.0",
      "resolved": "https://registry.npmjs.org/mimic-response/-/mimic-response-1.0.0.tgz",
      "integrity": "sha1-3z02Uqc/3ta5sLJBRub9BSNTRY4="
    },
    "minimalistic-assert": {
      "version": "1.0.1",
      "resolved": "https://registry.npmjs.org/minimalistic-assert/-/minimalistic-assert-1.0.1.tgz",
      "integrity": "sha512-UtJcAD4yEaGtjPezWuO9wC4nwUnVH/8/Im3yEHQP4b67cXlD/Qr9hdITCU1xDbSEXg2XKNaP8jsReV7vQd00/A=="
    },
    "minimalistic-crypto-utils": {
      "version": "1.0.1",
      "resolved": "https://registry.npmjs.org/minimalistic-crypto-utils/-/minimalistic-crypto-utils-1.0.1.tgz",
      "integrity": "sha1-9sAMHAsIIkblxNmd+4x8CDsrWCo="
    },
    "minimist": {
      "version": "1.2.0",
      "resolved": "https://registry.npmjs.org/minimist/-/minimist-1.2.0.tgz",
      "integrity": "sha1-o1AIsg9BOD7sH7kU9M1d95omQoQ="
    },
    "mkdirp": {
      "version": "0.5.1",
      "resolved": "https://registry.npmjs.org/mkdirp/-/mkdirp-0.5.1.tgz",
      "integrity": "sha1-MAV0OOrGz3+MR2fzhkjWaX11yQM=",
      "requires": {
        "minimist": "0.0.8"
      },
      "dependencies": {
        "minimist": {
          "version": "0.0.8",
          "resolved": "https://registry.npmjs.org/minimist/-/minimist-0.0.8.tgz",
          "integrity": "sha1-hX/Kv8M5fSYluCKCYuhqp6ARsF0="
        }
      }
    },
    "mrmr": {
      "version": "0.0.1",
      "resolved": "https://registry.npmjs.org/mrmr/-/mrmr-0.0.1.tgz",
      "integrity": "sha512-X5dEuFXvLWsFLg1uKOWPo9N3VkIVW64DzS4BvlIi/JAIo5rW5kHDV/L7UfFRJXX5RyHktt2NB+hqGVTMLiP7qQ==",
      "requires": {
        "bindings": "~1.3.0",
        "nan": "~2.9.2"
      }
    },
    "n64": {
      "version": "0.1.2",
      "resolved": "https://registry.npmjs.org/n64/-/n64-0.1.2.tgz",
      "integrity": "sha512-IGibeAnRa0Ljh/on6mNQNyQt3f9Ybgu+/+nLixd8tVhoCW7dRT7yu+gjXxbe//QMMDDxMN0I7b7RUntqFOpDJA=="
    },
    "nan": {
      "version": "2.9.2",
      "resolved": "https://registry.npmjs.org/nan/-/nan-2.9.2.tgz",
      "integrity": "sha512-ltW65co7f3PQWBDbqVvaU1WtFJUsNW7sWWm4HINhbMQIyVyzIeyZ8toX5TC5eeooE6piZoaEh4cZkueSKG3KYw=="
    },
    "node-abi": {
      "version": "2.4.1",
      "resolved": "https://registry.npmjs.org/node-abi/-/node-abi-2.4.1.tgz",
      "integrity": "sha512-pUlswqpHQ7zGPI9lGjZ4XDNIEUDbHxsltfIRb7dTnYdhgHWHOcB0MLZKLoCz6UMcGzSPG5wGl1HODZVQAUsH6w==",
      "requires": {
        "semver": "^5.4.1"
      }
    },
    "noop-logger": {
      "version": "0.1.1",
      "resolved": "https://registry.npmjs.org/noop-logger/-/noop-logger-0.1.1.tgz",
      "integrity": "sha1-lKKxYzxPExdVMAfYlm/Q6EG2pMI="
    },
    "npmlog": {
      "version": "4.1.2",
      "resolved": "https://registry.npmjs.org/npmlog/-/npmlog-4.1.2.tgz",
      "integrity": "sha512-2uUqazuKlTaSI/dC8AzicUck7+IrEaOnN/e0jd3Xtt1KcGpwx30v50mL7oPyr/h9bL3E4aZccVwpwP+5W9Vjkg==",
      "requires": {
        "are-we-there-yet": "~1.1.2",
        "console-control-strings": "~1.1.0",
        "gauge": "~2.7.3",
        "set-blocking": "~2.0.0"
      }
    },
    "number-is-nan": {
      "version": "1.0.1",
      "resolved": "https://registry.npmjs.org/number-is-nan/-/number-is-nan-1.0.1.tgz",
      "integrity": "sha1-CXtgK1NCKlIsGvuHkDGDNpQaAR0="
    },
    "object-assign": {
      "version": "4.1.1",
      "resolved": "https://registry.npmjs.org/object-assign/-/object-assign-4.1.1.tgz",
      "integrity": "sha1-IQmtx5ZYh8/AXLvUQsrIv7s2CGM="
    },
    "once": {
      "version": "1.4.0",
      "resolved": "https://registry.npmjs.org/once/-/once-1.4.0.tgz",
      "integrity": "sha1-WDsap3WWHUsROsF9nFC6753Xa9E=",
      "requires": {
        "wrappy": "1"
      }
    },
    "os-homedir": {
      "version": "1.0.2",
      "resolved": "https://registry.npmjs.org/os-homedir/-/os-homedir-1.0.2.tgz",
      "integrity": "sha1-/7xJiDNuDoM94MFox+8VISGqf7M="
    },
    "prebuild-install": {
      "version": "2.5.3",
      "resolved": "https://registry.npmjs.org/prebuild-install/-/prebuild-install-2.5.3.tgz",
      "integrity": "sha512-/rI36cN2g7vDQnKWN8Uzupi++KjyqS9iS+/fpwG4Ea8d0Pip0PQ5bshUNzVwt+/D2MRfhVAplYMMvWLqWrCF/g==",
      "requires": {
        "detect-libc": "^1.0.3",
        "expand-template": "^1.0.2",
        "github-from-package": "0.0.0",
        "minimist": "^1.2.0",
        "mkdirp": "^0.5.1",
        "node-abi": "^2.2.0",
        "noop-logger": "^0.1.1",
        "npmlog": "^4.0.1",
        "os-homedir": "^1.0.1",
        "pump": "^2.0.1",
        "rc": "^1.1.6",
        "simple-get": "^2.7.0",
        "tar-fs": "^1.13.0",
        "tunnel-agent": "^0.6.0",
        "which-pm-runs": "^1.0.0"
      }
    },
    "process-nextick-args": {
      "version": "2.0.0",
      "resolved": "https://registry.npmjs.org/process-nextick-args/-/process-nextick-args-2.0.0.tgz",
      "integrity": "sha512-MtEC1TqN0EU5nephaJ4rAtThHtC86dNN9qCuEhtshvpVBkAW5ZO7BASN9REnF9eoXGcRub+pFuKEpOHE+HbEMw=="
    },
    "pump": {
      "version": "2.0.1",
      "resolved": "https://registry.npmjs.org/pump/-/pump-2.0.1.tgz",
      "integrity": "sha512-ruPMNRkN3MHP1cWJc9OWr+T/xDP0jhXYCLfJcBuX54hhfIBnaQmAUMfDcG4DM5UMWByBbJY69QSphm3jtDKIkA==",
      "requires": {
        "end-of-stream": "^1.1.0",
        "once": "^1.3.1"
      }
    },
    "rc": {
      "version": "1.2.7",
      "resolved": "https://registry.npmjs.org/rc/-/rc-1.2.7.tgz",
      "integrity": "sha512-LdLD8xD4zzLsAT5xyushXDNscEjB7+2ulnl8+r1pnESlYtlJtVSoCMBGr30eDRJ3+2Gq89jK9P9e4tCEH1+ywA==",
      "requires": {
        "deep-extend": "^0.5.1",
        "ini": "~1.3.0",
        "minimist": "^1.2.0",
        "strip-json-comments": "~2.0.1"
      }
    },
    "readable-stream": {
      "version": "2.3.6",
      "resolved": "https://registry.npmjs.org/readable-stream/-/readable-stream-2.3.6.tgz",
      "integrity": "sha512-tQtKA9WIAhBF3+VLAseyMqZeBjW0AHJoxOtYqSUZNJxauErmLbVm2FW1y+J/YA9dUrAC39ITejlZWhVIwawkKw==",
      "requires": {
        "core-util-is": "~1.0.0",
        "inherits": "~2.0.3",
        "isarray": "~1.0.0",
        "process-nextick-args": "~2.0.0",
        "safe-buffer": "~5.1.1",
        "string_decoder": "~1.1.1",
        "util-deprecate": "~1.0.1"
      }
    },
    "ripemd160": {
      "version": "2.0.2",
      "resolved": "https://registry.npmjs.org/ripemd160/-/ripemd160-2.0.2.tgz",
      "integrity": "sha512-ii4iagi25WusVoiC4B4lq7pbXfAp3D9v5CwfkY33vffw2+pkDjY1D8GaN7spsxvCSx8dkPqOZCEZyfxcmJG2IA==",
      "requires": {
        "hash-base": "^3.0.0",
        "inherits": "^2.0.1"
      }
    },
    "safe-buffer": {
      "version": "5.1.2",
      "resolved": "https://registry.npmjs.org/safe-buffer/-/safe-buffer-5.1.2.tgz",
      "integrity": "sha512-Gd2UZBJDkXlY7GbJxfsE8/nvKkUEU1G38c1siN6QP6a9PT9MmHB8GnpscSmMJSoF8LOIrt8ud/wPtojys4G6+g=="
    },
    "secp256k1": {
      "version": "3.5.0",
      "resolved": "https://registry.npmjs.org/secp256k1/-/secp256k1-3.5.0.tgz",
      "integrity": "sha512-e5QIJl8W7Y4tT6LHffVcZAxJjvpgE5Owawv6/XCYPQljE9aP2NFFddQ8OYMKhdLshNu88FfL3qCN3/xYkXGRsA==",
      "requires": {
        "bindings": "^1.2.1",
        "bip66": "^1.1.3",
        "bn.js": "^4.11.3",
        "create-hash": "^1.1.2",
        "drbg.js": "^1.0.1",
        "elliptic": "^6.2.3",
        "nan": "^2.2.1",
        "safe-buffer": "^5.1.0"
      }
    },
    "semver": {
      "version": "5.5.0",
      "resolved": "https://registry.npmjs.org/semver/-/semver-5.5.0.tgz",
      "integrity": "sha512-4SJ3dm0WAwWy/NVeioZh5AntkdJoWKxHxcmyP622fOkgHa4z3R0TdBJICINyaSDE6uNwVc8gZr+ZinwZAH4xIA=="
    },
    "set-blocking": {
      "version": "2.0.0",
      "resolved": "https://registry.npmjs.org/set-blocking/-/set-blocking-2.0.0.tgz",
      "integrity": "sha1-BF+XgtARrppoA93TgrJDkrPYkPc="
    },
    "sha.js": {
      "version": "2.4.11",
      "resolved": "https://registry.npmjs.org/sha.js/-/sha.js-2.4.11.tgz",
      "integrity": "sha512-QMEp5B7cftE7APOjk5Y6xgrbWu+WkLVQwk8JNjZ8nKRciZaByEW6MubieAiToS7+dwvrjGhH8jRXz3MVd0AYqQ==",
      "requires": {
        "inherits": "^2.0.1",
        "safe-buffer": "^5.0.1"
      }
    },
    "signal-exit": {
      "version": "3.0.2",
      "resolved": "https://registry.npmjs.org/signal-exit/-/signal-exit-3.0.2.tgz",
      "integrity": "sha1-tf3AjxKH6hF4Yo5BXiUTK3NkbG0="
    },
    "simple-concat": {
      "version": "1.0.0",
      "resolved": "https://registry.npmjs.org/simple-concat/-/simple-concat-1.0.0.tgz",
      "integrity": "sha1-c0TLuLbib7J9ZrL8hvn21Zl1IcY="
    },
    "simple-get": {
      "version": "2.8.1",
      "resolved": "https://registry.npmjs.org/simple-get/-/simple-get-2.8.1.tgz",
      "integrity": "sha512-lSSHRSw3mQNUGPAYRqo7xy9dhKmxFXIjLjp4KHpf99GEH2VH7C3AM+Qfx6du6jhfUi6Vm7XnbEVEf7Wb6N8jRw==",
      "requires": {
        "decompress-response": "^3.3.0",
        "once": "^1.3.1",
        "simple-concat": "^1.0.0"
      }
    },
    "string-width": {
      "version": "1.0.2",
      "resolved": "https://registry.npmjs.org/string-width/-/string-width-1.0.2.tgz",
      "integrity": "sha1-EYvfW4zcUaKn5w0hHgfisLmxB9M=",
      "requires": {
        "code-point-at": "^1.0.0",
        "is-fullwidth-code-point": "^1.0.0",
        "strip-ansi": "^3.0.0"
      }
    },
    "string_decoder": {
      "version": "1.1.1",
      "resolved": "https://registry.npmjs.org/string_decoder/-/string_decoder-1.1.1.tgz",
      "integrity": "sha512-n/ShnvDi6FHbbVfviro+WojiFzv+s8MPMHBczVePfUpDJLwoLT0ht1l4YwBCbi8pJAveEEdnkHyPyTP/mzRfwg==",
      "requires": {
        "safe-buffer": "~5.1.0"
      }
    },
    "strip-ansi": {
      "version": "3.0.1",
      "resolved": "https://registry.npmjs.org/strip-ansi/-/strip-ansi-3.0.1.tgz",
      "integrity": "sha1-ajhfuIU9lS1f8F0Oiq+UJ43GPc8=",
      "requires": {
        "ansi-regex": "^2.0.0"
      }
    },
    "strip-json-comments": {
      "version": "2.0.1",
      "resolved": "https://registry.npmjs.org/strip-json-comments/-/strip-json-comments-2.0.1.tgz",
      "integrity": "sha1-PFMZQukIwml8DsNEhYwobHygpgo="
    },
    "tar-fs": {
      "version": "1.16.2",
      "resolved": "https://registry.npmjs.org/tar-fs/-/tar-fs-1.16.2.tgz",
      "integrity": "sha512-LdknWjPEiZC1nOBwhv0JBzfJBGPJar08dZg2rwZe0ZTLQoRGEzgrl7vF3qUEkCHpI/wN9e7RyCuDhMsJUCLPPQ==",
      "requires": {
        "chownr": "^1.0.1",
        "mkdirp": "^0.5.1",
        "pump": "^1.0.0",
        "tar-stream": "^1.1.2"
      },
      "dependencies": {
        "pump": {
          "version": "1.0.3",
          "resolved": "https://registry.npmjs.org/pump/-/pump-1.0.3.tgz",
          "integrity": "sha512-8k0JupWme55+9tCVE+FS5ULT3K6AbgqrGa58lTT49RpyfwwcGedHqaC5LlQNdEAumn/wFsu6aPwkuPMioy8kqw==",
          "requires": {
            "end-of-stream": "^1.1.0",
            "once": "^1.3.1"
          }
        }
      }
    },
    "tar-stream": {
      "version": "1.6.1",
      "resolved": "https://registry.npmjs.org/tar-stream/-/tar-stream-1.6.1.tgz",
      "integrity": "sha512-IFLM5wp3QrJODQFPm6/to3LJZrONdBY/otxcvDIQzu217zKye6yVR3hhi9lAjrC2Z+m/j5oDxMPb1qcd8cIvpA==",
      "requires": {
        "bl": "^1.0.0",
        "buffer-alloc": "^1.1.0",
        "end-of-stream": "^1.0.0",
        "fs-constants": "^1.0.0",
        "readable-stream": "^2.3.0",
        "to-buffer": "^1.1.0",
        "xtend": "^4.0.0"
      }
    },
    "to-buffer": {
      "version": "1.1.1",
      "resolved": "https://registry.npmjs.org/to-buffer/-/to-buffer-1.1.1.tgz",
      "integrity": "sha512-lx9B5iv7msuFYE3dytT+KE5tap+rNYw+K4jVkb9R/asAb+pbBSM17jtunHplhBe6RRJdZx3Pn2Jph24O32mOVg=="
    },
    "tunnel-agent": {
      "version": "0.6.0",
      "resolved": "https://registry.npmjs.org/tunnel-agent/-/tunnel-agent-0.6.0.tgz",
      "integrity": "sha1-J6XeoGs2sEoKmWZ3SykIaPD8QP0=",
      "requires": {
        "safe-buffer": "^5.0.1"
      }
    },
    "util-deprecate": {
      "version": "1.0.2",
      "resolved": "https://registry.npmjs.org/util-deprecate/-/util-deprecate-1.0.2.tgz",
      "integrity": "sha1-RQ1Nyfpw3nMnYvvS1KKJgUGaDM8="
    },
    "websocket-driver": {
      "version": "0.7.0",
      "resolved": "https://registry.npmjs.org/websocket-driver/-/websocket-driver-0.7.0.tgz",
      "integrity": "sha1-DK+dLXVdk67gSdS90NP+LMoqJOs=",
      "requires": {
        "http-parser-js": ">=0.4.0",
        "websocket-extensions": ">=0.1.1"
      }
    },
    "websocket-extensions": {
      "version": "0.1.3",
      "resolved": "https://registry.npmjs.org/websocket-extensions/-/websocket-extensions-0.1.3.tgz",
      "integrity": "sha512-nqHUnMXmBzT0w570r2JpJxfiSD1IzoI+HGVdd3aZ0yNi3ngvQ4jv1dtHt5VGxfI2yj5yqImPhOK4vmIh2xMbGg=="
    },
    "which-pm-runs": {
      "version": "1.0.0",
      "resolved": "https://registry.npmjs.org/which-pm-runs/-/which-pm-runs-1.0.0.tgz",
      "integrity": "sha1-Zws6+8VS4LVd9rd4DKdGFfI60cs="
    },
    "wide-align": {
      "version": "1.1.2",
      "resolved": "https://registry.npmjs.org/wide-align/-/wide-align-1.1.2.tgz",
      "integrity": "sha512-ijDLlyQ7s6x1JgCLur53osjm/UXUYD9+0PbYKrBsYisYXzCxN+HC3mYDNy/dWdmf3AwqwU3CXwDCvsNgGK1S0w==",
      "requires": {
        "string-width": "^1.0.2"
      }
    },
    "wrappy": {
      "version": "1.0.2",
      "resolved": "https://registry.npmjs.org/wrappy/-/wrappy-1.0.2.tgz",
      "integrity": "sha1-tSQ9jz7BqjXxNkYFvA0QNuMKtp8="
    },
    "xtend": {
      "version": "4.0.1",
      "resolved": "https://registry.npmjs.org/xtend/-/xtend-4.0.1.tgz",
      "integrity": "sha1-pcbVMr5lbiPbgg77lDofBJmNY68="
    }
  }
}
